// !$*UTF8*$!
{
	archiveVersion = 1;
	classes = {
	};
	objectVersion = 55;
	objects = {

/* Begin PBXBuildFile section */
		5C15F0D42727799900560FEC /* GFAlertContainerView.swift in Sources */ = {isa = PBXBuildFile; fileRef = 5C15F0D32727799900560FEC /* GFAlertContainerView.swift */; };
		5C15F0D627278DCC00560FEC /* GFDataLoadingVC.swift in Sources */ = {isa = PBXBuildFile; fileRef = 5C15F0D527278DCC00560FEC /* GFDataLoadingVC.swift */; };
		5C19D3D6271693E600D85070 /* GFButton.swift in Sources */ = {isa = PBXBuildFile; fileRef = 5C19D3D5271693E600D85070 /* GFButton.swift */; };
		5C19D3D8271696BE00D85070 /* GFTextField.swift in Sources */ = {isa = PBXBuildFile; fileRef = 5C19D3D7271696BE00D85070 /* GFTextField.swift */; };
		5C19D3DA2716B46900D85070 /* FollowerListVC.swift in Sources */ = {isa = PBXBuildFile; fileRef = 5C19D3D92716B46900D85070 /* FollowerListVC.swift */; };
		5C7246CB27211F4300D03959 /* GFItemInfoVC.swift in Sources */ = {isa = PBXBuildFile; fileRef = 5C7246CA27211F4300D03959 /* GFItemInfoVC.swift */; };
		5C7246CD27211F5700D03959 /* GFRepoItemVC.swift in Sources */ = {isa = PBXBuildFile; fileRef = 5C7246CC27211F5700D03959 /* GFRepoItemVC.swift */; };
		5C7246CF27211F6E00D03959 /* GFFollowerItemVC.swift in Sources */ = {isa = PBXBuildFile; fileRef = 5C7246CE27211F6E00D03959 /* GFFollowerItemVC.swift */; };
		5C7246D127211FBF00D03959 /* GFItemInfoView.swift in Sources */ = {isa = PBXBuildFile; fileRef = 5C7246D027211FBF00D03959 /* GFItemInfoView.swift */; };
		5C7246D4272124A400D03959 /* Date+ext.swift in Sources */ = {isa = PBXBuildFile; fileRef = 5C7246D3272124A400D03959 /* Date+ext.swift */; };
		5C7246D6272124E100D03959 /* String+ext.swift in Sources */ = {isa = PBXBuildFile; fileRef = 5C7246D5272124E100D03959 /* String+ext.swift */; };
		5C7439ED2718021C006DFBCE /* GFTitleLabel.swift in Sources */ = {isa = PBXBuildFile; fileRef = 5C7439EC2718021C006DFBCE /* GFTitleLabel.swift */; };
		5C7439EF271803D6006DFBCE /* GFBodyLabel.swift in Sources */ = {isa = PBXBuildFile; fileRef = 5C7439EE271803D6006DFBCE /* GFBodyLabel.swift */; };
		5C7439F127180567006DFBCE /* GFAlertVC.swift in Sources */ = {isa = PBXBuildFile; fileRef = 5C7439F027180567006DFBCE /* GFAlertVC.swift */; };
		5C7439F327180B20006DFBCE /* UIViewController+Ext.swift in Sources */ = {isa = PBXBuildFile; fileRef = 5C7439F227180B20006DFBCE /* UIViewController+Ext.swift */; };
		5CA1ED6B271FF4550027F468 /* GFUserInfoHeaderVC.swift in Sources */ = {isa = PBXBuildFile; fileRef = 5CA1ED6A271FF4550027F468 /* GFUserInfoHeaderVC.swift */; };
		5CA1ED6D271FF4BE0027F468 /* GFSecondaryTitleLabel.swift in Sources */ = {isa = PBXBuildFile; fileRef = 5CA1ED6C271FF4BE0027F468 /* GFSecondaryTitleLabel.swift */; };
		5CA1ED6F271FFB800027F468 /* Constants.swift in Sources */ = {isa = PBXBuildFile; fileRef = 5CA1ED6E271FFB800027F468 /* Constants.swift */; };
		5CABE84B271E58B300C678B0 /* UserInfoVC.swift in Sources */ = {isa = PBXBuildFile; fileRef = 5CABE84A271E58B300C678B0 /* UserInfoVC.swift */; };
		5CBFFB292719420B002A5C02 /* Follower.swift in Sources */ = {isa = PBXBuildFile; fileRef = 5CBFFB282719420B002A5C02 /* Follower.swift */; };
		5CBFFB2B2719431C002A5C02 /* User.swift in Sources */ = {isa = PBXBuildFile; fileRef = 5CBFFB2A2719431C002A5C02 /* User.swift */; };
		5CBFFB2E271966A2002A5C02 /* NetworkManager.swift in Sources */ = {isa = PBXBuildFile; fileRef = 5CBFFB2D271966A2002A5C02 /* NetworkManager.swift */; };
		5CD779682726918E000AE679 /* GFTabBarController.swift in Sources */ = {isa = PBXBuildFile; fileRef = 5CD779672726918E000AE679 /* GFTabBarController.swift */; };
		5CDDB3D72702DF560015B4BF /* AppDelegate.swift in Sources */ = {isa = PBXBuildFile; fileRef = 5CDDB3D62702DF560015B4BF /* AppDelegate.swift */; };
		5CDDB3D92702DF560015B4BF /* SceneDelegate.swift in Sources */ = {isa = PBXBuildFile; fileRef = 5CDDB3D82702DF560015B4BF /* SceneDelegate.swift */; };
		5CDDB3E02702DF570015B4BF /* Assets.xcassets in Resources */ = {isa = PBXBuildFile; fileRef = 5CDDB3DF2702DF570015B4BF /* Assets.xcassets */; };
		5CDDB3E32702DF570015B4BF /* LaunchScreen.storyboard in Resources */ = {isa = PBXBuildFile; fileRef = 5CDDB3E12702DF570015B4BF /* LaunchScreen.storyboard */; };
		5CDDB3EB2702E7F90015B4BF /* SearchVC.swift in Sources */ = {isa = PBXBuildFile; fileRef = 5CDDB3EA2702E7F90015B4BF /* SearchVC.swift */; };
		5CDDB3ED2702E8200015B4BF /* FavoriteListVC.swift in Sources */ = {isa = PBXBuildFile; fileRef = 5CDDB3EC2702E8200015B4BF /* FavoriteListVC.swift */; };
		5CDDE44A271D5C3C00D73579 /* GFEmptyStateView.swift in Sources */ = {isa = PBXBuildFile; fileRef = 5CDDE449271D5C3C00D73579 /* GFEmptyStateView.swift */; };
		5CE3717C272A574A00FCC9F3 /* UITableView+ext.swift in Sources */ = {isa = PBXBuildFile; fileRef = 5CE3717B272A574A00FCC9F3 /* UITableView+ext.swift */; };
		5CE3DC08271D06A500480BC3 /* ErrorMessage.swift in Sources */ = {isa = PBXBuildFile; fileRef = 5CE3DC07271D06A500480BC3 /* ErrorMessage.swift */; };
		5CE3DC0B271D0F1C00480BC3 /* FollowerCell.swift in Sources */ = {isa = PBXBuildFile; fileRef = 5CE3DC0A271D0F1C00480BC3 /* FollowerCell.swift */; };
		5CE3DC0D271D0F9500480BC3 /* GFAvatarImageView.swift in Sources */ = {isa = PBXBuildFile; fileRef = 5CE3DC0C271D0F9500480BC3 /* GFAvatarImageView.swift */; };
		5CF5C0CE2722836800E399FF /* PersistenceManager.swift in Sources */ = {isa = PBXBuildFile; fileRef = 5CF5C0CD2722836800E399FF /* PersistenceManager.swift */; };
		5CF5C0D027229DA300E399FF /* FavoriteCell.swift in Sources */ = {isa = PBXBuildFile; fileRef = 5CF5C0CF27229DA300E399FF /* FavoriteCell.swift */; };
		D19A827F27298264005BFE7E /* UIView+ext.swift in Sources */ = {isa = PBXBuildFile; fileRef = D19A827E27298264005BFE7E /* UIView+ext.swift */; };
/* End PBXBuildFile section */

/* Begin PBXFileReference section */
		5C15F0D32727799900560FEC /* GFAlertContainerView.swift */ = {isa = PBXFileReference; lastKnownFileType = sourcecode.swift; path = GFAlertContainerView.swift; sourceTree = "<group>"; };
		5C15F0D527278DCC00560FEC /* GFDataLoadingVC.swift */ = {isa = PBXFileReference; lastKnownFileType = sourcecode.swift; path = GFDataLoadingVC.swift; sourceTree = "<group>"; };
		5C19D3D5271693E600D85070 /* GFButton.swift */ = {isa = PBXFileReference; lastKnownFileType = sourcecode.swift; path = GFButton.swift; sourceTree = "<group>"; };
		5C19D3D7271696BE00D85070 /* GFTextField.swift */ = {isa = PBXFileReference; lastKnownFileType = sourcecode.swift; path = GFTextField.swift; sourceTree = "<group>"; };
		5C19D3D92716B46900D85070 /* FollowerListVC.swift */ = {isa = PBXFileReference; lastKnownFileType = sourcecode.swift; path = FollowerListVC.swift; sourceTree = "<group>"; };
		5C7246CA27211F4300D03959 /* GFItemInfoVC.swift */ = {isa = PBXFileReference; lastKnownFileType = sourcecode.swift; path = GFItemInfoVC.swift; sourceTree = "<group>"; };
		5C7246CC27211F5700D03959 /* GFRepoItemVC.swift */ = {isa = PBXFileReference; lastKnownFileType = sourcecode.swift; path = GFRepoItemVC.swift; sourceTree = "<group>"; };
		5C7246CE27211F6E00D03959 /* GFFollowerItemVC.swift */ = {isa = PBXFileReference; lastKnownFileType = sourcecode.swift; path = GFFollowerItemVC.swift; sourceTree = "<group>"; };
		5C7246D027211FBF00D03959 /* GFItemInfoView.swift */ = {isa = PBXFileReference; lastKnownFileType = sourcecode.swift; path = GFItemInfoView.swift; sourceTree = "<group>"; };
		5C7246D3272124A400D03959 /* Date+ext.swift */ = {isa = PBXFileReference; lastKnownFileType = sourcecode.swift; path = "Date+ext.swift"; sourceTree = "<group>"; };
		5C7246D5272124E100D03959 /* String+ext.swift */ = {isa = PBXFileReference; lastKnownFileType = sourcecode.swift; path = "String+ext.swift"; sourceTree = "<group>"; };
		5C7439EC2718021C006DFBCE /* GFTitleLabel.swift */ = {isa = PBXFileReference; lastKnownFileType = sourcecode.swift; path = GFTitleLabel.swift; sourceTree = "<group>"; };
		5C7439EE271803D6006DFBCE /* GFBodyLabel.swift */ = {isa = PBXFileReference; lastKnownFileType = sourcecode.swift; path = GFBodyLabel.swift; sourceTree = "<group>"; };
		5C7439F027180567006DFBCE /* GFAlertVC.swift */ = {isa = PBXFileReference; lastKnownFileType = sourcecode.swift; path = GFAlertVC.swift; sourceTree = "<group>"; };
		5C7439F227180B20006DFBCE /* UIViewController+Ext.swift */ = {isa = PBXFileReference; lastKnownFileType = sourcecode.swift; path = "UIViewController+Ext.swift"; sourceTree = "<group>"; };
		5CA1ED6A271FF4550027F468 /* GFUserInfoHeaderVC.swift */ = {isa = PBXFileReference; lastKnownFileType = sourcecode.swift; path = GFUserInfoHeaderVC.swift; sourceTree = "<group>"; };
		5CA1ED6C271FF4BE0027F468 /* GFSecondaryTitleLabel.swift */ = {isa = PBXFileReference; lastKnownFileType = sourcecode.swift; path = GFSecondaryTitleLabel.swift; sourceTree = "<group>"; };
		5CA1ED6E271FFB800027F468 /* Constants.swift */ = {isa = PBXFileReference; lastKnownFileType = sourcecode.swift; path = Constants.swift; sourceTree = "<group>"; };
		5CABE84A271E58B300C678B0 /* UserInfoVC.swift */ = {isa = PBXFileReference; lastKnownFileType = sourcecode.swift; path = UserInfoVC.swift; sourceTree = "<group>"; };
		5CBFFB282719420B002A5C02 /* Follower.swift */ = {isa = PBXFileReference; lastKnownFileType = sourcecode.swift; path = Follower.swift; sourceTree = "<group>"; };
		5CBFFB2A2719431C002A5C02 /* User.swift */ = {isa = PBXFileReference; lastKnownFileType = sourcecode.swift; path = User.swift; sourceTree = "<group>"; };
		5CBFFB2D271966A2002A5C02 /* NetworkManager.swift */ = {isa = PBXFileReference; lastKnownFileType = sourcecode.swift; path = NetworkManager.swift; sourceTree = "<group>"; };
		5CD779672726918E000AE679 /* GFTabBarController.swift */ = {isa = PBXFileReference; lastKnownFileType = sourcecode.swift; path = GFTabBarController.swift; sourceTree = "<group>"; };
		5CDDB3D32702DF560015B4BF /* GitHubSearch.app */ = {isa = PBXFileReference; explicitFileType = wrapper.application; includeInIndex = 0; path = GitHubSearch.app; sourceTree = BUILT_PRODUCTS_DIR; };
		5CDDB3D62702DF560015B4BF /* AppDelegate.swift */ = {isa = PBXFileReference; lastKnownFileType = sourcecode.swift; path = AppDelegate.swift; sourceTree = "<group>"; };
		5CDDB3D82702DF560015B4BF /* SceneDelegate.swift */ = {isa = PBXFileReference; lastKnownFileType = sourcecode.swift; path = SceneDelegate.swift; sourceTree = "<group>"; };
		5CDDB3DF2702DF570015B4BF /* Assets.xcassets */ = {isa = PBXFileReference; lastKnownFileType = folder.assetcatalog; path = Assets.xcassets; sourceTree = "<group>"; };
		5CDDB3E22702DF570015B4BF /* Base */ = {isa = PBXFileReference; lastKnownFileType = file.storyboard; name = Base; path = Base.lproj/LaunchScreen.storyboard; sourceTree = "<group>"; };
		5CDDB3E42702DF570015B4BF /* Info.plist */ = {isa = PBXFileReference; lastKnownFileType = text.plist.xml; path = Info.plist; sourceTree = "<group>"; };
		5CDDB3EA2702E7F90015B4BF /* SearchVC.swift */ = {isa = PBXFileReference; lastKnownFileType = sourcecode.swift; path = SearchVC.swift; sourceTree = "<group>"; };
		5CDDB3EC2702E8200015B4BF /* FavoriteListVC.swift */ = {isa = PBXFileReference; lastKnownFileType = sourcecode.swift; path = FavoriteListVC.swift; sourceTree = "<group>"; };
		5CDDE449271D5C3C00D73579 /* GFEmptyStateView.swift */ = {isa = PBXFileReference; lastKnownFileType = sourcecode.swift; path = GFEmptyStateView.swift; sourceTree = "<group>"; };
		5CE3717B272A574A00FCC9F3 /* UITableView+ext.swift */ = {isa = PBXFileReference; lastKnownFileType = sourcecode.swift; path = "UITableView+ext.swift"; sourceTree = "<group>"; };
		5CE3DC07271D06A500480BC3 /* ErrorMessage.swift */ = {isa = PBXFileReference; lastKnownFileType = sourcecode.swift; path = ErrorMessage.swift; sourceTree = "<group>"; };
		5CE3DC0A271D0F1C00480BC3 /* FollowerCell.swift */ = {isa = PBXFileReference; lastKnownFileType = sourcecode.swift; path = FollowerCell.swift; sourceTree = "<group>"; };
		5CE3DC0C271D0F9500480BC3 /* GFAvatarImageView.swift */ = {isa = PBXFileReference; lastKnownFileType = sourcecode.swift; path = GFAvatarImageView.swift; sourceTree = "<group>"; };
		5CF5C0CD2722836800E399FF /* PersistenceManager.swift */ = {isa = PBXFileReference; lastKnownFileType = sourcecode.swift; path = PersistenceManager.swift; sourceTree = "<group>"; };
		5CF5C0CF27229DA300E399FF /* FavoriteCell.swift */ = {isa = PBXFileReference; lastKnownFileType = sourcecode.swift; path = FavoriteCell.swift; sourceTree = "<group>"; };
		D19A827E27298264005BFE7E /* UIView+ext.swift */ = {isa = PBXFileReference; lastKnownFileType = sourcecode.swift; path = "UIView+ext.swift"; sourceTree = "<group>"; };
/* End PBXFileReference section */

/* Begin PBXFrameworksBuildPhase section */
		5CDDB3D02702DF560015B4BF /* Frameworks */ = {
			isa = PBXFrameworksBuildPhase;
			buildActionMask = 2147483647;
			files = (
			);
			runOnlyForDeploymentPostprocessing = 0;
		};
/* End PBXFrameworksBuildPhase section */

/* Begin PBXGroup section */
		5C7246D2272120E000D03959 /* ItemInfoVCs */ = {
			isa = PBXGroup;
			children = (
				5C7246CA27211F4300D03959 /* GFItemInfoVC.swift */,
				5C7246CC27211F5700D03959 /* GFRepoItemVC.swift */,
				5C7246CE27211F6E00D03959 /* GFFollowerItemVC.swift */,
			);
			path = ItemInfoVCs;
			sourceTree = "<group>";
		};
		5C7439F427181465006DFBCE /* VC */ = {
			isa = PBXGroup;
			children = (
				5CDDB3EA2702E7F90015B4BF /* SearchVC.swift */,
				5CDDB3EC2702E8200015B4BF /* FavoriteListVC.swift */,
				5C19D3D92716B46900D85070 /* FollowerListVC.swift */,
				5CABE84A271E58B300C678B0 /* UserInfoVC.swift */,
			);
			path = VC;
			sourceTree = "<group>";
		};
		5C7439F52718149D006DFBCE /* Custom Views */ = {
			isa = PBXGroup;
			children = (
				5CD7796627269175000AE679 /* TabBarControllers */,
				5CDDE448271D5C1300D73579 /* VCs */,
				5CDDE447271D5BE800D73579 /* Labels */,
				5CDDE446271D5BDC00D73579 /* ImageViews */,
				5CDDE445271D5BD000D73579 /* TextFields */,
				5CDDE444271D5BC700D73579 /* Buttons */,
				5CDDE443271D5BBE00D73579 /* Views */,
				5CE3DC09271D0EFC00480BC3 /* Cells */,
			);
			path = "Custom Views";
			sourceTree = "<group>";
		};
		5C7439F6271814CB006DFBCE /* Extensions */ = {
			isa = PBXGroup;
			children = (
				5C7439F227180B20006DFBCE /* UIViewController+Ext.swift */,
				5C7246D3272124A400D03959 /* Date+ext.swift */,
				5C7246D5272124E100D03959 /* String+ext.swift */,
				D19A827E27298264005BFE7E /* UIView+ext.swift */,
				5CE3717B272A574A00FCC9F3 /* UITableView+ext.swift */,
			);
			path = Extensions;
			sourceTree = "<group>";
		};
		5CBFFB2627193E6E002A5C02 /* Support */ = {
			isa = PBXGroup;
			children = (
				5CDDB3D62702DF560015B4BF /* AppDelegate.swift */,
				5CDDB3D82702DF560015B4BF /* SceneDelegate.swift */,
				5CDDB3DF2702DF570015B4BF /* Assets.xcassets */,
				5CDDB3E12702DF570015B4BF /* LaunchScreen.storyboard */,
			);
			path = Support;
			sourceTree = "<group>";
		};
		5CBFFB27271941F6002A5C02 /* Model */ = {
			isa = PBXGroup;
			children = (
				5CBFFB282719420B002A5C02 /* Follower.swift */,
				5CBFFB2A2719431C002A5C02 /* User.swift */,
			);
			path = Model;
			sourceTree = "<group>";
		};
		5CBFFB2C2719668D002A5C02 /* Manager */ = {
			isa = PBXGroup;
			children = (
				5CBFFB2D271966A2002A5C02 /* NetworkManager.swift */,
				5CF5C0CD2722836800E399FF /* PersistenceManager.swift */,
			);
			path = Manager;
			sourceTree = "<group>";
		};
		5CD7796627269175000AE679 /* TabBarControllers */ = {
			isa = PBXGroup;
			children = (
				5CD779672726918E000AE679 /* GFTabBarController.swift */,
			);
			path = TabBarControllers;
			sourceTree = "<group>";
		};
		5CDDB3CA2702DF560015B4BF = {
			isa = PBXGroup;
			children = (
				5CDDB3D52702DF560015B4BF /* GitHubSearch */,
				5CDDB3D42702DF560015B4BF /* Products */,
			);
			sourceTree = "<group>";
		};
		5CDDB3D42702DF560015B4BF /* Products */ = {
			isa = PBXGroup;
			children = (
				5CDDB3D32702DF560015B4BF /* GitHubSearch.app */,
			);
			name = Products;
			sourceTree = "<group>";
		};
		5CDDB3D52702DF560015B4BF /* GitHubSearch */ = {
			isa = PBXGroup;
			children = (
				5CE3DC06271D068B00480BC3 /* Utilities */,
				5CBFFB2C2719668D002A5C02 /* Manager */,
				5CBFFB27271941F6002A5C02 /* Model */,
				5C7439F6271814CB006DFBCE /* Extensions */,
				5C7439F52718149D006DFBCE /* Custom Views */,
				5C7439F427181465006DFBCE /* VC */,
				5CBFFB2627193E6E002A5C02 /* Support */,
				5CDDB3E42702DF570015B4BF /* Info.plist */,
			);
			path = GitHubSearch;
			sourceTree = "<group>";
		};
		5CDDE443271D5BBE00D73579 /* Views */ = {
			isa = PBXGroup;
			children = (
				5CDDE449271D5C3C00D73579 /* GFEmptyStateView.swift */,
				5C7246D027211FBF00D03959 /* GFItemInfoView.swift */,
				5C15F0D32727799900560FEC /* GFAlertContainerView.swift */,
			);
			path = Views;
			sourceTree = "<group>";
		};
		5CDDE444271D5BC700D73579 /* Buttons */ = {
			isa = PBXGroup;
			children = (
				5C19D3D5271693E600D85070 /* GFButton.swift */,
			);
			path = Buttons;
			sourceTree = "<group>";
		};
		5CDDE445271D5BD000D73579 /* TextFields */ = {
			isa = PBXGroup;
			children = (
				5C19D3D7271696BE00D85070 /* GFTextField.swift */,
			);
			path = TextFields;
			sourceTree = "<group>";
		};
		5CDDE446271D5BDC00D73579 /* ImageViews */ = {
			isa = PBXGroup;
			children = (
				5CE3DC0C271D0F9500480BC3 /* GFAvatarImageView.swift */,
			);
			path = ImageViews;
			sourceTree = "<group>";
		};
		5CDDE447271D5BE800D73579 /* Labels */ = {
			isa = PBXGroup;
			children = (
				5C7439EC2718021C006DFBCE /* GFTitleLabel.swift */,
				5CA1ED6C271FF4BE0027F468 /* GFSecondaryTitleLabel.swift */,
				5C7439EE271803D6006DFBCE /* GFBodyLabel.swift */,
			);
			path = Labels;
			sourceTree = "<group>";
		};
		5CDDE448271D5C1300D73579 /* VCs */ = {
			isa = PBXGroup;
			children = (
				5C7246D2272120E000D03959 /* ItemInfoVCs */,
				5C7439F027180567006DFBCE /* GFAlertVC.swift */,
				5CA1ED6A271FF4550027F468 /* GFUserInfoHeaderVC.swift */,
				5C15F0D527278DCC00560FEC /* GFDataLoadingVC.swift */,
			);
			path = VCs;
			sourceTree = "<group>";
		};
		5CE3DC06271D068B00480BC3 /* Utilities */ = {
			isa = PBXGroup;
			children = (
				5CE3DC07271D06A500480BC3 /* ErrorMessage.swift */,
				5CA1ED6E271FFB800027F468 /* Constants.swift */,
			);
			path = Utilities;
			sourceTree = "<group>";
		};
		5CE3DC09271D0EFC00480BC3 /* Cells */ = {
			isa = PBXGroup;
			children = (
				5CE3DC0A271D0F1C00480BC3 /* FollowerCell.swift */,
				5CF5C0CF27229DA300E399FF /* FavoriteCell.swift */,
			);
			path = Cells;
			sourceTree = "<group>";
		};
/* End PBXGroup section */

/* Begin PBXNativeTarget section */
		5CDDB3D22702DF560015B4BF /* GitHubSearch */ = {
			isa = PBXNativeTarget;
			buildConfigurationList = 5CDDB3E72702DF570015B4BF /* Build configuration list for PBXNativeTarget "GitHubSearch" */;
			buildPhases = (
				5CDDB3CF2702DF560015B4BF /* Sources */,
				5CDDB3D02702DF560015B4BF /* Frameworks */,
				5CDDB3D12702DF560015B4BF /* Resources */,
			);
			buildRules = (
			);
			dependencies = (
			);
			name = GitHubSearch;
			productName = GitHubSearch;
			productReference = 5CDDB3D32702DF560015B4BF /* GitHubSearch.app */;
			productType = "com.apple.product-type.application";
		};
/* End PBXNativeTarget section */

/* Begin PBXProject section */
		5CDDB3CB2702DF560015B4BF /* Project object */ = {
			isa = PBXProject;
			attributes = {
				BuildIndependentTargetsInParallel = 1;
				LastSwiftUpdateCheck = 1300;
				LastUpgradeCheck = 1300;
				TargetAttributes = {
					5CDDB3D22702DF560015B4BF = {
						CreatedOnToolsVersion = 13.0;
					};
				};
			};
			buildConfigurationList = 5CDDB3CE2702DF560015B4BF /* Build configuration list for PBXProject "GitHubSearch" */;
			compatibilityVersion = "Xcode 13.0";
			developmentRegion = en;
			hasScannedForEncodings = 0;
			knownRegions = (
				en,
				Base,
			);
			mainGroup = 5CDDB3CA2702DF560015B4BF;
			productRefGroup = 5CDDB3D42702DF560015B4BF /* Products */;
			projectDirPath = "";
			projectRoot = "";
			targets = (
				5CDDB3D22702DF560015B4BF /* GitHubSearch */,
			);
		};
/* End PBXProject section */

/* Begin PBXResourcesBuildPhase section */
		5CDDB3D12702DF560015B4BF /* Resources */ = {
			isa = PBXResourcesBuildPhase;
			buildActionMask = 2147483647;
			files = (
				5CDDB3E32702DF570015B4BF /* LaunchScreen.storyboard in Resources */,
				5CDDB3E02702DF570015B4BF /* Assets.xcassets in Resources */,
			);
			runOnlyForDeploymentPostprocessing = 0;
		};
/* End PBXResourcesBuildPhase section */

/* Begin PBXSourcesBuildPhase section */
		5CDDB3CF2702DF560015B4BF /* Sources */ = {
			isa = PBXSourcesBuildPhase;
			buildActionMask = 2147483647;
			files = (
				5C7246D4272124A400D03959 /* Date+ext.swift in Sources */,
				5C7246CD27211F5700D03959 /* GFRepoItemVC.swift in Sources */,
				5CBFFB2B2719431C002A5C02 /* User.swift in Sources */,
				5CD779682726918E000AE679 /* GFTabBarController.swift in Sources */,
				5CE3717C272A574A00FCC9F3 /* UITableView+ext.swift in Sources */,
				5CA1ED6F271FFB800027F468 /* Constants.swift in Sources */,
				5C19D3D8271696BE00D85070 /* GFTextField.swift in Sources */,
				5C7439F327180B20006DFBCE /* UIViewController+Ext.swift in Sources */,
				5CDDB3ED2702E8200015B4BF /* FavoriteListVC.swift in Sources */,
				5C19D3D6271693E600D85070 /* GFButton.swift in Sources */,
				5CA1ED6B271FF4550027F468 /* GFUserInfoHeaderVC.swift in Sources */,
				D19A827F27298264005BFE7E /* UIView+ext.swift in Sources */,
				5C7246D127211FBF00D03959 /* GFItemInfoView.swift in Sources */,
				5CE3DC0D271D0F9500480BC3 /* GFAvatarImageView.swift in Sources */,
				5CA1ED6D271FF4BE0027F468 /* GFSecondaryTitleLabel.swift in Sources */,
				5CDDB3EB2702E7F90015B4BF /* SearchVC.swift in Sources */,
				5C7439F127180567006DFBCE /* GFAlertVC.swift in Sources */,
				5C7246D6272124E100D03959 /* String+ext.swift in Sources */,
				5CE3DC0B271D0F1C00480BC3 /* FollowerCell.swift in Sources */,
				5CDDE44A271D5C3C00D73579 /* GFEmptyStateView.swift in Sources */,
				5CE3DC08271D06A500480BC3 /* ErrorMessage.swift in Sources */,
				5C15F0D627278DCC00560FEC /* GFDataLoadingVC.swift in Sources */,
				5C7439EF271803D6006DFBCE /* GFBodyLabel.swift in Sources */,
				5CBFFB292719420B002A5C02 /* Follower.swift in Sources */,
				5C7246CB27211F4300D03959 /* GFItemInfoVC.swift in Sources */,
				5CABE84B271E58B300C678B0 /* UserInfoVC.swift in Sources */,
				5CF5C0CE2722836800E399FF /* PersistenceManager.swift in Sources */,
				5C15F0D42727799900560FEC /* GFAlertContainerView.swift in Sources */,
				5C7246CF27211F6E00D03959 /* GFFollowerItemVC.swift in Sources */,
				5C7439ED2718021C006DFBCE /* GFTitleLabel.swift in Sources */,
				5CBFFB2E271966A2002A5C02 /* NetworkManager.swift in Sources */,
				5CDDB3D72702DF560015B4BF /* AppDelegate.swift in Sources */,
				5CF5C0D027229DA300E399FF /* FavoriteCell.swift in Sources */,
				5CDDB3D92702DF560015B4BF /* SceneDelegate.swift in Sources */,
				5C19D3DA2716B46900D85070 /* FollowerListVC.swift in Sources */,
			);
			runOnlyForDeploymentPostprocessing = 0;
		};
/* End PBXSourcesBuildPhase section */

/* Begin PBXVariantGroup section */
		5CDDB3E12702DF570015B4BF /* LaunchScreen.storyboard */ = {
			isa = PBXVariantGroup;
			children = (
				5CDDB3E22702DF570015B4BF /* Base */,
			);
			name = LaunchScreen.storyboard;
			sourceTree = "<group>";
		};
/* End PBXVariantGroup section */

/* Begin XCBuildConfiguration section */
		5CDDB3E52702DF570015B4BF /* Debug */ = {
			isa = XCBuildConfiguration;
			buildSettings = {
				ALWAYS_SEARCH_USER_PATHS = NO;
				CLANG_ANALYZER_NONNULL = YES;
				CLANG_ANALYZER_NUMBER_OBJECT_CONVERSION = YES_AGGRESSIVE;
				CLANG_CXX_LANGUAGE_STANDARD = "gnu++17";
				CLANG_CXX_LIBRARY = "libc++";
				CLANG_ENABLE_MODULES = YES;
				CLANG_ENABLE_OBJC_ARC = YES;
				CLANG_ENABLE_OBJC_WEAK = YES;
				CLANG_WARN_BLOCK_CAPTURE_AUTORELEASING = YES;
				CLANG_WARN_BOOL_CONVERSION = YES;
				CLANG_WARN_COMMA = YES;
				CLANG_WARN_CONSTANT_CONVERSION = YES;
				CLANG_WARN_DEPRECATED_OBJC_IMPLEMENTATIONS = YES;
				CLANG_WARN_DIRECT_OBJC_ISA_USAGE = YES_ERROR;
				CLANG_WARN_DOCUMENTATION_COMMENTS = YES;
				CLANG_WARN_EMPTY_BODY = YES;
				CLANG_WARN_ENUM_CONVERSION = YES;
				CLANG_WARN_INFINITE_RECURSION = YES;
				CLANG_WARN_INT_CONVERSION = YES;
				CLANG_WARN_NON_LITERAL_NULL_CONVERSION = YES;
				CLANG_WARN_OBJC_IMPLICIT_RETAIN_SELF = YES;
				CLANG_WARN_OBJC_LITERAL_CONVERSION = YES;
				CLANG_WARN_OBJC_ROOT_CLASS = YES_ERROR;
				CLANG_WARN_QUOTED_INCLUDE_IN_FRAMEWORK_HEADER = YES;
				CLANG_WARN_RANGE_LOOP_ANALYSIS = YES;
				CLANG_WARN_STRICT_PROTOTYPES = YES;
				CLANG_WARN_SUSPICIOUS_MOVE = YES;
				CLANG_WARN_UNGUARDED_AVAILABILITY = YES_AGGRESSIVE;
				CLANG_WARN_UNREACHABLE_CODE = YES;
				CLANG_WARN__DUPLICATE_METHOD_MATCH = YES;
				COPY_PHASE_STRIP = NO;
				DEBUG_INFORMATION_FORMAT = dwarf;
				ENABLE_STRICT_OBJC_MSGSEND = YES;
				ENABLE_TESTABILITY = YES;
				GCC_C_LANGUAGE_STANDARD = gnu11;
				GCC_DYNAMIC_NO_PIC = NO;
				GCC_NO_COMMON_BLOCKS = YES;
				GCC_OPTIMIZATION_LEVEL = 0;
				GCC_PREPROCESSOR_DEFINITIONS = (
					"DEBUG=1",
					"$(inherited)",
				);
				GCC_WARN_64_TO_32_BIT_CONVERSION = YES;
				GCC_WARN_ABOUT_RETURN_TYPE = YES_ERROR;
				GCC_WARN_UNDECLARED_SELECTOR = YES;
				GCC_WARN_UNINITIALIZED_AUTOS = YES_AGGRESSIVE;
				GCC_WARN_UNUSED_FUNCTION = YES;
				GCC_WARN_UNUSED_VARIABLE = YES;
				IPHONEOS_DEPLOYMENT_TARGET = 15.0;
				MTL_ENABLE_DEBUG_INFO = INCLUDE_SOURCE;
				MTL_FAST_MATH = YES;
				ONLY_ACTIVE_ARCH = YES;
				SDKROOT = iphoneos;
				SWIFT_ACTIVE_COMPILATION_CONDITIONS = DEBUG;
				SWIFT_OPTIMIZATION_LEVEL = "-Onone";
			};
			name = Debug;
		};
		5CDDB3E62702DF570015B4BF /* Release */ = {
			isa = XCBuildConfiguration;
			buildSettings = {
				ALWAYS_SEARCH_USER_PATHS = NO;
				CLANG_ANALYZER_NONNULL = YES;
				CLANG_ANALYZER_NUMBER_OBJECT_CONVERSION = YES_AGGRESSIVE;
				CLANG_CXX_LANGUAGE_STANDARD = "gnu++17";
				CLANG_CXX_LIBRARY = "libc++";
				CLANG_ENABLE_MODULES = YES;
				CLANG_ENABLE_OBJC_ARC = YES;
				CLANG_ENABLE_OBJC_WEAK = YES;
				CLANG_WARN_BLOCK_CAPTURE_AUTORELEASING = YES;
				CLANG_WARN_BOOL_CONVERSION = YES;
				CLANG_WARN_COMMA = YES;
				CLANG_WARN_CONSTANT_CONVERSION = YES;
				CLANG_WARN_DEPRECATED_OBJC_IMPLEMENTATIONS = YES;
				CLANG_WARN_DIRECT_OBJC_ISA_USAGE = YES_ERROR;
				CLANG_WARN_DOCUMENTATION_COMMENTS = YES;
				CLANG_WARN_EMPTY_BODY = YES;
				CLANG_WARN_ENUM_CONVERSION = YES;
				CLANG_WARN_INFINITE_RECURSION = YES;
				CLANG_WARN_INT_CONVERSION = YES;
				CLANG_WARN_NON_LITERAL_NULL_CONVERSION = YES;
				CLANG_WARN_OBJC_IMPLICIT_RETAIN_SELF = YES;
				CLANG_WARN_OBJC_LITERAL_CONVERSION = YES;
				CLANG_WARN_OBJC_ROOT_CLASS = YES_ERROR;
				CLANG_WARN_QUOTED_INCLUDE_IN_FRAMEWORK_HEADER = YES;
				CLANG_WARN_RANGE_LOOP_ANALYSIS = YES;
				CLANG_WARN_STRICT_PROTOTYPES = YES;
				CLANG_WARN_SUSPICIOUS_MOVE = YES;
				CLANG_WARN_UNGUARDED_AVAILABILITY = YES_AGGRESSIVE;
				CLANG_WARN_UNREACHABLE_CODE = YES;
				CLANG_WARN__DUPLICATE_METHOD_MATCH = YES;
				COPY_PHASE_STRIP = NO;
				DEBUG_INFORMATION_FORMAT = "dwarf-with-dsym";
				ENABLE_NS_ASSERTIONS = NO;
				ENABLE_STRICT_OBJC_MSGSEND = YES;
				GCC_C_LANGUAGE_STANDARD = gnu11;
				GCC_NO_COMMON_BLOCKS = YES;
				GCC_WARN_64_TO_32_BIT_CONVERSION = YES;
				GCC_WARN_ABOUT_RETURN_TYPE = YES_ERROR;
				GCC_WARN_UNDECLARED_SELECTOR = YES;
				GCC_WARN_UNINITIALIZED_AUTOS = YES_AGGRESSIVE;
				GCC_WARN_UNUSED_FUNCTION = YES;
				GCC_WARN_UNUSED_VARIABLE = YES;
				IPHONEOS_DEPLOYMENT_TARGET = 15.0;
				MTL_ENABLE_DEBUG_INFO = NO;
				MTL_FAST_MATH = YES;
				SDKROOT = iphoneos;
				SWIFT_COMPILATION_MODE = wholemodule;
				SWIFT_OPTIMIZATION_LEVEL = "-O";
				VALIDATE_PRODUCT = YES;
			};
			name = Release;
		};
		5CDDB3E82702DF570015B4BF /* Debug */ = {
			isa = XCBuildConfiguration;
			buildSettings = {
				ASSETCATALOG_COMPILER_APPICON_NAME = AppIcon;
				ASSETCATALOG_COMPILER_GLOBAL_ACCENT_COLOR_NAME = AccentColor;
				CODE_SIGN_STYLE = Automatic;
				CURRENT_PROJECT_VERSION = 1;
				DEVELOPMENT_TEAM = Q98PMKLR6Q;
				GENERATE_INFOPLIST_FILE = YES;
				INFOPLIST_FILE = GitHubSearch/Info.plist;
				INFOPLIST_KEY_UIApplicationSupportsIndirectInputEvents = YES;
				INFOPLIST_KEY_UILaunchStoryboardName = LaunchScreen;
				INFOPLIST_KEY_UISupportedInterfaceOrientations = UIInterfaceOrientationPortrait;
				INFOPLIST_KEY_UISupportedInterfaceOrientations_iPad = "UIInterfaceOrientationPortrait UIInterfaceOrientationPortraitUpsideDown UIInterfaceOrientationLandscapeLeft UIInterfaceOrientationLandscapeRight";
				INFOPLIST_KEY_UISupportedInterfaceOrientations_iPhone = "UIInterfaceOrientationPortrait UIInterfaceOrientationLandscapeLeft UIInterfaceOrientationLandscapeRight";
				LD_RUNPATH_SEARCH_PATHS = (
					"$(inherited)",
					"@executable_path/Frameworks",
				);
				MARKETING_VERSION = 1.0;
				PRODUCT_BUNDLE_IDENTIFIER = hy.jn.GitHubSearch;
				PRODUCT_NAME = "$(TARGET_NAME)";
				SWIFT_EMIT_LOC_STRINGS = YES;
				SWIFT_VERSION = 5.0;
				TARGETED_DEVICE_FAMILY = 1;
			};
			name = Debug;
		};
		5CDDB3E92702DF570015B4BF /* Release */ = {
			isa = XCBuildConfiguration;
			buildSettings = {
				ASSETCATALOG_COMPILER_APPICON_NAME = AppIcon;
				ASSETCATALOG_COMPILER_GLOBAL_ACCENT_COLOR_NAME = AccentColor;
				CODE_SIGN_STYLE = Automatic;
				CURRENT_PROJECT_VERSION = 1;
				DEVELOPMENT_TEAM = Q98PMKLR6Q;
				GENERATE_INFOPLIST_FILE = YES;
				INFOPLIST_FILE = GitHubSearch/Info.plist;
				INFOPLIST_KEY_UIApplicationSupportsIndirectInputEvents = YES;
				INFOPLIST_KEY_UILaunchStoryboardName = LaunchScreen;
				INFOPLIST_KEY_UISupportedInterfaceOrientations = UIInterfaceOrientationPortrait;
				INFOPLIST_KEY_UISupportedInterfaceOrientations_iPad = "UIInterfaceOrientationPortrait UIInterfaceOrientationPortraitUpsideDown UIInterfaceOrientationLandscapeLeft UIInterfaceOrientationLandscapeRight";
				INFOPLIST_KEY_UISupportedInterfaceOrientations_iPhone = "UIInterfaceOrientationPortrait UIInterfaceOrientationLandscapeLeft UIInterfaceOrientationLandscapeRight";
				LD_RUNPATH_SEARCH_PATHS = (
					"$(inherited)",
					"@executable_path/Frameworks",
				);
				MARKETING_VERSION = 1.0;
				PRODUCT_BUNDLE_IDENTIFIER = hy.jn.GitHubSearch;
				PRODUCT_NAME = "$(TARGET_NAME)";
				SWIFT_EMIT_LOC_STRINGS = YES;
				SWIFT_VERSION = 5.0;
				TARGETED_DEVICE_FAMILY = 1;
			};
			name = Release;
		};
/* End XCBuildConfiguration section */

/* Begin XCConfigurationList section */
		5CDDB3CE2702DF560015B4BF /* Build configuration list for PBXProject "GitHubSearch" */ = {
			isa = XCConfigurationList;
			buildConfigurations = (
				5CDDB3E52702DF570015B4BF /* Debug */,
				5CDDB3E62702DF570015B4BF /* Release */,
			);
			defaultConfigurationIsVisible = 0;
			defaultConfigurationName = Release;
		};
		5CDDB3E72702DF570015B4BF /* Build configuration list for PBXNativeTarget "GitHubSearch" */ = {
			isa = XCConfigurationList;
			buildConfigurations = (
				5CDDB3E82702DF570015B4BF /* Debug */,
				5CDDB3E92702DF570015B4BF /* Release */,
			);
			defaultConfigurationIsVisible = 0;
			defaultConfigurationName = Release;
		};
/* End XCConfigurationList section */
	};
	rootObject = 5CDDB3CB2702DF560015B4BF /* Project object */;
}
